<?xml version="1.0" encoding="utf-8"?>
<Project ToolsVersion="4.0" xmlns="http://schemas.microsoft.com/developer/msbuild/2003">
  <ItemGroup>
    <Filter Include="Putty Files">
      <UniqueIdentifier>{0bff8951-e02a-4872-b449-9db3a30862aa}</UniqueIdentifier>
    </Filter>
  </ItemGroup>
  <ItemGroup>
    <ClCompile Include="..\..\libs\putty\CONF.C">
      <Filter>Putty Files</Filter>
    </ClCompile>
    <ClCompile Include="..\..\libs\putty\MISC.C">
      <Filter>Putty Files</Filter>
    </ClCompile>
    <ClCompile Include="..\..\libs\putty\TREE234.C">
      <Filter>Putty Files</Filter>
    </ClCompile>
    <ClCompile Include="..\..\libs\putty\VERSION.C">
      <Filter>Putty Files</Filter>
    </ClCompile>
    <ClCompile Include="..\..\libs\putty\WINDOWS\WINMISC.C">
      <Filter>Putty Files</Filter>
    </ClCompile>
    <ClCompile Include="..\..\libs\putty\WINDOWS\WINPGNTC.C">
      <Filter>Putty Files</Filter>
    </ClCompile>
    <ClCompile Include="..\..\libs\putty\WINDOWS\WINSECUR.C">
      <Filter>Putty Files</Filter>
    </ClCompile>
    <ClCompile Include="libputty.c" />
  </ItemGroup>
  <ItemGroup>
    <ClInclude Include="libputty.h" />
  </ItemGroup>
</Project>