Microsoft Visual Studio Solution File, Format Version 9.00
# Visual Studio 2005
Project("{8BC9CEB8-8B4A-11D0-8D11-00A0C91BC942}") = "TTXAlwaysOnTop", "TTXAlwaysOnTop\TTXAlwaysOnTop.vcproj", "{E86DDB2C-CC00-43D1-8A1A-4B042EC983D6}"
EndProject
Project("{8BC9CEB8-8B4A-11D0-8D11-00A0C91BC942}") = "TTXResizeWin", "TTXResizeWin\TTXResizeWin.vcproj", "{11EF5960-4922-49DC-9E64-B0845FC7C88C}"
EndProject
Project("{8BC9CEB8-8B4A-11D0-8D11-00A0C91BC942}") = "TTXResizeMenu", "TTXResizeMenu\TTXResizeMenu.vcproj", "{4EA6AEB6-9CCD-4E6D-9531-3F92184EBE67}"
EndProject
Project("{8BC9CEB8-8B4A-11D0-8D11-00A0C91BC942}") = "TTXFixedWinSize", "TTXFixedWinSize\TTXFixedWinSize.vcproj", "{3C12BA78-2F6A-4655-B6FF-E1BFF2A191D8}"
EndProject
Project("{8BC9CEB8-8B4A-11D0-8D11-00A0C91BC942}") = "TTXttyrec", "TTXttyrec\TTXttyrec.vcproj", "{5798E37E-0428-457E-A652-EE0A75130327}"
EndProject
Project("{8BC9CEB8-8B4A-11D0-8D11-00A0C91BC942}") = "TTXttyplay", "TTXttyrec\TTXttyplay.vcproj", "{3181E887-2183-4FB8-84CC-CA5B4D48BC71}"
EndProject
Project("{8BC9CEB8-8B4A-11D0-8D11-00A0C91BC942}") = "TTXtest", "ttxtest\TTXtest.vcproj", "{9E20E276-1905-44AE-BC67-C1A1F3C42135}"
EndProject
Project("{8BC9CEB8-8B4A-11D0-8D11-00A0C91BC942}") = "TTXKcodeChange", "TTXKcodeChange\TTXKcodeChange.vcproj", "{2E487F50-84E4-404D-A7E1-F9FA4A72BC25}"
EndProject
Project("{8BC9CEB8-8B4A-11D0-8D11-00A0C91BC942}") = "TTXViewMode", "TTXViewMode\TTXViewMode.vcproj", "{2296FB66-3FA4-4136-8252-ABECEEAC2D70}"
EndProject
Project("{8BC9CEB8-8B4A-11D0-8D11-00A0C91BC942}") = "TTXCopyIniFile", "TTXCopyIniFile\TTXCopyIniFile.vcproj", "{2B2B8D6E-4A84-49DD-8291-46172FCE422A}"
EndProject
Project("{8BC9CEB8-8B4A-11D0-8D11-00A0C91BC942}") = "TTXAdditionalTitle", "TTXAdditionalTitle\TTXAdditionalTitle.vcproj", "{0ECAF69B-08B4-414A-B822-BE8459E463D8}"
EndProject
Project("{8BC9CEB8-8B4A-11D0-8D11-00A0C91BC942}") = "TTXCallSysMenu", "TTXCallSysMenu\TTXCallSysMenu.vcproj", "{25709A86-E6B8-4CDA-906C-02D935E05978}"
EndProject
Project("{8BC9CEB8-8B4A-11D0-8D11-00A0C91BC942}") = "TTXCommandLineOpt", "TTXCommandLineOpt\TTXCommandLineOpt.vcproj", "{EE8BFC38-7000-42F1-BBC3-17F19855918A}"
EndProject
Project("{8BC9CEB8-8B4A-11D0-8D11-00A0C91BC942}") = "TTXRecurringCommand", "TTXRecurringCommand\TTXRecurringCommand.vcproj", "{3C656364-FAEA-41D2-B227-52187D3C2529}"
EndProject
Project("{8BC9CEB8-8B4A-11D0-8D11-00A0C91BC942}") = "TTXShowCommandLine", "TTXShowCommandLine\TTXShowCommandLine.vcproj", "{80ED9927-27F9-473A-802C-FB10DEB5ECC6}"
EndProject
Project("{8BC9CEB8-8B4A-11D0-8D11-00A0C91BC942}") = "TTXOutputBuffering", "TTXOutputBuffering\TTXOutputBuffering.vcproj", "{80BE71D1-BEA3-4A5D-8F13-362D6364892D}"
EndProject
Global
	GlobalSection(SolutionConfigurationPlatforms) = preSolution
		Debug|Win32 = Debug|Win32
		Release|Win32 = Release|Win32
	EndGlobalSection
	GlobalSection(ProjectConfigurationPlatforms) = postSolution
		{E86DDB2C-CC00-43D1-8A1A-4B042EC983D6}.Debug|Win32.ActiveCfg = Debug|Win32
		{E86DDB2C-CC00-43D1-8A1A-4B042EC983D6}.Debug|Win32.Build.0 = Debug|Win32
		{E86DDB2C-CC00-43D1-8A1A-4B042EC983D6}.Release|Win32.ActiveCfg = Release|Win32
		{E86DDB2C-CC00-43D1-8A1A-4B042EC983D6}.Release|Win32.Build.0 = Release|Win32
		{11EF5960-4922-49DC-9E64-B0845FC7C88C}.Debug|Win32.ActiveCfg = Debug|Win32
		{11EF5960-4922-49DC-9E64-B0845FC7C88C}.Debug|Win32.Build.0 = Debug|Win32
		{11EF5960-4922-49DC-9E64-B0845FC7C88C}.Release|Win32.ActiveCfg = Release|Win32
		{11EF5960-4922-49DC-9E64-B0845FC7C88C}.Release|Win32.Build.0 = Release|Win32
		{4EA6AEB6-9CCD-4E6D-9531-3F92184EBE67}.Debug|Win32.ActiveCfg = Debug|Win32
		{4EA6AEB6-9CCD-4E6D-9531-3F92184EBE67}.Debug|Win32.Build.0 = Debug|Win32
		{4EA6AEB6-9CCD-4E6D-9531-3F92184EBE67}.Release|Win32.ActiveCfg = Release|Win32
		{4EA6AEB6-9CCD-4E6D-9531-3F92184EBE67}.Release|Win32.Build.0 = Release|Win32
		{3C12BA78-2F6A-4655-B6FF-E1BFF2A191D8}.Debug|Win32.ActiveCfg = Debug|Win32
		{3C12BA78-2F6A-4655-B6FF-E1BFF2A191D8}.Debug|Win32.Build.0 = Debug|Win32
		{3C12BA78-2F6A-4655-B6FF-E1BFF2A191D8}.Release|Win32.ActiveCfg = Release|Win32
		{3C12BA78-2F6A-4655-B6FF-E1BFF2A191D8}.Release|Win32.Build.0 = Release|Win32
		{5798E37E-0428-457E-A652-EE0A75130327}.Debug|Win32.ActiveCfg = Debug|Win32
		{5798E37E-0428-457E-A652-EE0A75130327}.Debug|Win32.Build.0 = Debug|Win32
		{5798E37E-0428-457E-A652-EE0A75130327}.Release|Win32.ActiveCfg = Release|Win32
		{5798E37E-0428-457E-A652-EE0A75130327}.Release|Win32.Build.0 = Release|Win32
		{3181E887-2183-4FB8-84CC-CA5B4D48BC71}.Debug|Win32.ActiveCfg = Debug|Win32
		{3181E887-2183-4FB8-84CC-CA5B4D48BC71}.Debug|Win32.Build.0 = Debug|Win32
		{3181E887-2183-4FB8-84CC-CA5B4D48BC71}.Release|Win32.ActiveCfg = Release|Win32
		{3181E887-2183-4FB8-84CC-CA5B4D48BC71}.Release|Win32.Build.0 = Release|Win32
		{9E20E276-1905-44AE-BC67-C1A1F3C42135}.Debug|Win32.ActiveCfg = Debug|Win32
		{9E20E276-1905-44AE-BC67-C1A1F3C42135}.Debug|Win32.Build.0 = Debug|Win32
		{9E20E276-1905-44AE-BC67-C1A1F3C42135}.Release|Win32.ActiveCfg = Release|Win32
		{9E20E276-1905-44AE-BC67-C1A1F3C42135}.Release|Win32.Build.0 = Release|Win32
		{2E487F50-84E4-404D-A7E1-F9FA4A72BC25}.Debug|Win32.ActiveCfg = Debug|Win32
		{2E487F50-84E4-404D-A7E1-F9FA4A72BC25}.Debug|Win32.Build.0 = Debug|Win32
		{2E487F50-84E4-404D-A7E1-F9FA4A72BC25}.Release|Win32.ActiveCfg = Release|Win32
		{2E487F50-84E4-404D-A7E1-F9FA4A72BC25}.Release|Win32.Build.0 = Release|Win32
		{2296FB66-3FA4-4136-8252-ABECEEAC2D70}.Debug|Win32.ActiveCfg = Debug|Win32
		{2296FB66-3FA4-4136-8252-ABECEEAC2D70}.Debug|Win32.Build.0 = Debug|Win32
		{2296FB66-3FA4-4136-8252-ABECEEAC2D70}.Release|Win32.ActiveCfg = Release|Win32
		{2296FB66-3FA4-4136-8252-ABECEEAC2D70}.Release|Win32.Build.0 = Release|Win32
		{2B2B8D6E-4A84-49DD-8291-46172FCE422A}.Debug|Win32.ActiveCfg = Debug|Win32
		{2B2B8D6E-4A84-49DD-8291-46172FCE422A}.Debug|Win32.Build.0 = Debug|Win32
		{2B2B8D6E-4A84-49DD-8291-46172FCE422A}.Release|Win32.ActiveCfg = Release|Win32
		{2B2B8D6E-4A84-49DD-8291-46172FCE422A}.Release|Win32.Build.0 = Release|Win32
		{0ECAF69B-08B4-414A-B822-BE8459E463D8}.Debug|Win32.ActiveCfg = Debug|Win32
		{0ECAF69B-08B4-414A-B822-BE8459E463D8}.Debug|Win32.Build.0 = Debug|Win32
		{0ECAF69B-08B4-414A-B822-BE8459E463D8}.Release|Win32.ActiveCfg = Release|Win32
		{0ECAF69B-08B4-414A-B822-BE8459E463D8}.Release|Win32.Build.0 = Release|Win32
		{25709A86-E6B8-4CDA-906C-02D935E05978}.Debug|Win32.ActiveCfg = Debug|Win32
		{25709A86-E6B8-4CDA-906C-02D935E05978}.Debug|Win32.Build.0 = Debug|Win32
		{25709A86-E6B8-4CDA-906C-02D935E05978}.Release|Win32.ActiveCfg = Release|Win32
		{25709A86-E6B8-4CDA-906C-02D935E05978}.Release|Win32.Build.0 = Release|Win32
		{EE8BFC38-7000-42F1-BBC3-17F19855918A}.Debug|Win32.ActiveCfg = Debug|Win32
		{EE8BFC38-7000-42F1-BBC3-17F19855918A}.Debug|Win32.Build.0 = Debug|Win32
		{EE8BFC38-7000-42F1-BBC3-17F19855918A}.Release|Win32.ActiveCfg = Release|Win32
		{EE8BFC38-7000-42F1-BBC3-17F19855918A}.Release|Win32.Build.0 = Release|Win32
		{3C656364-FAEA-41D2-B227-52187D3C2529}.Debug|Win32.ActiveCfg = Debug|Win32
		{3C656364-FAEA-41D2-B227-52187D3C2529}.Debug|Win32.Build.0 = Debug|Win32
		{3C656364-FAEA-41D2-B227-52187D3C2529}.Release|Win32.ActiveCfg = Release|Win32
		{3C656364-FAEA-41D2-B227-52187D3C2529}.Release|Win32.Build.0 = Release|Win32
		{80ED9927-27F9-473A-802C-FB10DEB5ECC6}.Debug|Win32.ActiveCfg = Debug|Win32
		{80ED9927-27F9-473A-802C-FB10DEB5ECC6}.Debug|Win32.Build.0 = Debug|Win32
		{80ED9927-27F9-473A-802C-FB10DEB5ECC6}.Release|Win32.ActiveCfg = Release|Win32
		{80ED9927-27F9-473A-802C-FB10DEB5ECC6}.Release|Win32.Build.0 = Release|Win32
		{80BE71D1-BEA3-4A5D-8F13-362D6364892D}.Debug|Win32.ActiveCfg = Debug|Win32
		{80BE71D1-BEA3-4A5D-8F13-362D6364892D}.Debug|Win32.Build.0 = Debug|Win32
		{80BE71D1-BEA3-4A5D-8F13-362D6364892D}.Release|Win32.ActiveCfg = Release|Win32
		{80BE71D1-BEA3-4A5D-8F13-362D6364892D}.Release|Win32.Build.0 = Release|Win32
	EndGlobalSection
	GlobalSection(SolutionProperties) = preSolution
		HideSolutionNode = FALSE
	EndGlobalSection
EndGlobal
