<?xml version="1.0" encoding="utf-8"?>
<Project ToolsVersion="4.0" xmlns="http://schemas.microsoft.com/developer/msbuild/2003">
  <ItemGroup>
    <Filter Include="Source Files">
      <UniqueIdentifier>{4FC737F1-C7A5-4376-A066-2A32D752A2FF}</UniqueIdentifier>
      <Extensions>cpp;c;cc;cxx;def;odl;idl;hpj;bat;asm;asmx</Extensions>
    </Filter>
    <Filter Include="ReadMe">
      <UniqueIdentifier>{d32a96fc-d339-480e-9569-ec0475b3df61}</UniqueIdentifier>
    </Filter>
    <Filter Include="Header Files">
      <UniqueIdentifier>{08cb7286-c0e3-4b07-8c4e-133837412957}</UniqueIdentifier>
    </Filter>
  </ItemGroup>
  <ItemGroup>
    <ClCompile Include="gettimeofday.c">
      <Filter>Source Files</Filter>
    </ClCompile>
    <ClCompile Include="TTXttyplay.c">
      <Filter>Source Files</Filter>
    </ClCompile>
  </ItemGroup>
  <ItemGroup>
    <Text Include="ReadMe-ja.txt">
      <Filter>ReadMe</Filter>
    </Text>
    <Text Include="ReadMe.txt">
      <Filter>ReadMe</Filter>
    </Text>
  </ItemGroup>
  <ItemGroup>
    <ClInclude Include="gettimeofday.h">
      <Filter>Header Files</Filter>
    </ClInclude>
  </ItemGroup>
</Project>