<?xml version="1.0" encoding="utf-8"?>
<Project ToolsVersion="4.0" xmlns="http://schemas.microsoft.com/developer/msbuild/2003">
  <ItemGroup>
    <Filter Include="Source Files">
      <UniqueIdentifier>{4FC737F1-C7A5-4376-A066-2A32D752A2FF}</UniqueIdentifier>
      <Extensions>cpp;c;cc;cxx;def;odl;idl;hpj;bat;asm;asmx</Extensions>
    </Filter>
    <Filter Include="ReadMe">
      <UniqueIdentifier>{98002050-2a1f-4787-9e81-0dabe50a3da9}</UniqueIdentifier>
    </Filter>
    <Filter Include="Header Files">
      <UniqueIdentifier>{0b6c5f31-c1d9-4b57-9f7a-f5b5dd63fc22}</UniqueIdentifier>
    </Filter>
  </ItemGroup>
  <ItemGroup>
    <ClCompile Include="gettimeofday.c">
      <Filter>Source Files</Filter>
    </ClCompile>
    <ClCompile Include="TTXttyrec.c">
      <Filter>Source Files</Filter>
    </ClCompile>
  </ItemGroup>
  <ItemGroup>
    <None Include="ReadMe-ja.txt">
      <Filter>ReadMe</Filter>
    </None>
    <None Include="ReadMe.txt">
      <Filter>ReadMe</Filter>
    </None>
  </ItemGroup>
  <ItemGroup>
    <ClInclude Include="gettimeofday.h">
      <Filter>Header Files</Filter>
    </ClInclude>
  </ItemGroup>
</Project>