<?xml version="1.0" encoding="utf-8"?>
<Project ToolsVersion="4.0" xmlns="http://schemas.microsoft.com/developer/msbuild/2003">
  <ItemGroup>
    <Filter Include="Source Files">
      <UniqueIdentifier>{5768f297-5e87-432b-af45-a9d3af6ae032}</UniqueIdentifier>
      <Extensions>cpp;c;cxx;rc;def;r;odl;idl;hpj;bat</Extensions>
    </Filter>
    <Filter Include="Header Files">
      <UniqueIdentifier>{aa1c8d02-2d64-4802-8bd1-ab61bbe5b952}</UniqueIdentifier>
      <Extensions>h;hpp;hxx;hm;inl;fi;fd</Extensions>
    </Filter>
    <Filter Include="Resource Files">
      <UniqueIdentifier>{a291920d-7e83-4838-9740-5064623b58c0}</UniqueIdentifier>
      <Extensions>ico;cur;bmp;dlg;rc2;rct;bin;cnt;rtf;gif;jpg;jpeg;jpe</Extensions>
    </Filter>
    <Filter Include="Source Files %28C%29">
      <UniqueIdentifier>{c6076ddd-808b-4c9c-badd-bcd5bf01bc5f}</UniqueIdentifier>
      <Extensions>c</Extensions>
    </Filter>
  </ItemGroup>
  <ItemGroup>
    <ClCompile Include="errdlg.cpp">
      <Filter>Source Files</Filter>
    </ClCompile>
    <ClCompile Include="inpdlg.cpp">
      <Filter>Source Files</Filter>
    </ClCompile>
    <ClCompile Include="ListDlg.cpp">
      <Filter>Source Files</Filter>
    </ClCompile>
    <ClCompile Include="msgdlg.cpp">
      <Filter>Source Files</Filter>
    </ClCompile>
    <ClCompile Include="statdlg.cpp">
      <Filter>Source Files</Filter>
    </ClCompile>
    <ClCompile Include="..\common\stdafx.cpp">
      <Filter>Source Files</Filter>
    </ClCompile>
    <ClCompile Include="ttmacro.cpp">
      <Filter>Source Files</Filter>
    </ClCompile>
    <ClCompile Include="ttmdlg.cpp">
      <Filter>Source Files</Filter>
    </ClCompile>
    <ClCompile Include="ttmmain.cpp">
      <Filter>Source Files</Filter>
    </ClCompile>
    <ClCompile Include="..\common\i18n.c">
      <Filter>Source Files %28C%29</Filter>
    </ClCompile>
    <ClCompile Include="ttl.c">
      <Filter>Source Files %28C%29</Filter>
    </ClCompile>
    <ClCompile Include="..\common\ttlib.c">
      <Filter>Source Files %28C%29</Filter>
    </ClCompile>
    <ClCompile Include="ttmbuff.c">
      <Filter>Source Files %28C%29</Filter>
    </ClCompile>
    <ClCompile Include="ttmdde.c">
      <Filter>Source Files %28C%29</Filter>
    </ClCompile>
    <ClCompile Include="ttmenc.c">
      <Filter>Source Files %28C%29</Filter>
    </ClCompile>
    <ClCompile Include="ttmlib.c">
      <Filter>Source Files %28C%29</Filter>
    </ClCompile>
    <ClCompile Include="ttmparse.c">
      <Filter>Source Files %28C%29</Filter>
    </ClCompile>
    <ClCompile Include="wait4all.c">
      <Filter>Source Files %28C%29</Filter>
    </ClCompile>
  </ItemGroup>
  <ItemGroup>
    <ClInclude Include="errdlg.h">
      <Filter>Header Files</Filter>
    </ClInclude>
    <ClInclude Include="inpdlg.h">
      <Filter>Header Files</Filter>
    </ClInclude>
    <ClInclude Include="ListDlg.h">
      <Filter>Header Files</Filter>
    </ClInclude>
    <ClInclude Include="msgdlg.h">
      <Filter>Header Files</Filter>
    </ClInclude>
    <ClInclude Include="statdlg.h">
      <Filter>Header Files</Filter>
    </ClInclude>
    <ClInclude Include="stdafx.h">
      <Filter>Header Files</Filter>
    </ClInclude>
    <ClInclude Include="..\common\ttddecmnd.h">
      <Filter>Header Files</Filter>
    </ClInclude>
    <ClInclude Include="ttl.h">
      <Filter>Header Files</Filter>
    </ClInclude>
    <ClInclude Include="..\common\ttlib.h">
      <Filter>Header Files</Filter>
    </ClInclude>
    <ClInclude Include="ttm_res.h">
      <Filter>Header Files</Filter>
    </ClInclude>
    <ClInclude Include="ttmacro.h">
      <Filter>Header Files</Filter>
    </ClInclude>
    <ClInclude Include="ttmbuff.h">
      <Filter>Header Files</Filter>
    </ClInclude>
    <ClInclude Include="ttmdde.h">
      <Filter>Header Files</Filter>
    </ClInclude>
    <ClInclude Include="ttmdlg.h">
      <Filter>Header Files</Filter>
    </ClInclude>
    <ClInclude Include="ttmenc.h">
      <Filter>Header Files</Filter>
    </ClInclude>
    <ClInclude Include="ttmlib.h">
      <Filter>Header Files</Filter>
    </ClInclude>
    <ClInclude Include="ttmmain.h">
      <Filter>Header Files</Filter>
    </ClInclude>
    <ClInclude Include="ttmmsg.h">
      <Filter>Header Files</Filter>
    </ClInclude>
    <ClInclude Include="ttmparse.h">
      <Filter>Header Files</Filter>
    </ClInclude>
  </ItemGroup>
  <ItemGroup>
    <None Include="ttmacro.ico">
      <Filter>Resource Files</Filter>
    </None>
  </ItemGroup>
  <ItemGroup>
    <ResourceCompile Include="ttm-version.rc">
      <Filter>Resource Files</Filter>
    </ResourceCompile>
    <ResourceCompile Include="ttpmacro.rc">
      <Filter>Resource Files</Filter>
    </ResourceCompile>
  </ItemGroup>
</Project>
