<?xml version="1.0" encoding="utf-8"?>
<Project ToolsVersion="4.0" xmlns="http://schemas.microsoft.com/developer/msbuild/2003">
  <ItemGroup>
    <Filter Include="Source Files">
      <UniqueIdentifier>{c944ea9f-5e84-4cb4-9662-58a9031ec1be}</UniqueIdentifier>
      <Extensions>cpp;c;cxx;rc;def;r;odl;idl;hpj;bat</Extensions>
    </Filter>
    <Filter Include="Resource Files">
      <UniqueIdentifier>{9f09ffc2-cdc3-4159-92f7-e637db2a2927}</UniqueIdentifier>
      <Extensions>ico;cur;bmp;dlg;rc2;rct;bin;cnt;rtf;gif;jpg;jpeg;jpe</Extensions>
    </Filter>
    <Filter Include="Source Files %28C%29">
      <UniqueIdentifier>{962df722-a84a-4837-a367-5e66f4d40803}</UniqueIdentifier>
    </Filter>
    <Filter Include="Header Files">
      <UniqueIdentifier>{e3efecca-9842-408d-979e-a4c7af432f65}</UniqueIdentifier>
      <Extensions>h;hpp;hxx;hm;inl</Extensions>
    </Filter>
    <Filter Include="dialog">
      <UniqueIdentifier>{23d7c62e-eff4-4a0d-b8b4-7fc703717c0e}</UniqueIdentifier>
    </Filter>
    <Filter Include="ttpdlg">
      <UniqueIdentifier>{1cdaec4a-75c1-4600-b434-45286f5bec80}</UniqueIdentifier>
    </Filter>
  </ItemGroup>
  <ItemGroup>
    <ClCompile Include="filesys.cpp">
      <Filter>Source Files</Filter>
    </ClCompile>
    <ClCompile Include="tekwin.cpp">
      <Filter>Source Files</Filter>
    </ClCompile>
    <ClCompile Include="teraprn.cpp">
      <Filter>Source Files</Filter>
    </ClCompile>
    <ClCompile Include="teraterm.cpp">
      <Filter>Source Files</Filter>
    </ClCompile>
    <ClCompile Include="vtwin.cpp">
      <Filter>Source Files</Filter>
    </ClCompile>
    <ClCompile Include="buffer.c">
      <Filter>Source Files %28C%29</Filter>
    </ClCompile>
    <ClCompile Include="clipboar.c">
      <Filter>Source Files %28C%29</Filter>
    </ClCompile>
    <ClCompile Include="commlib.c">
      <Filter>Source Files %28C%29</Filter>
    </ClCompile>
    <ClCompile Include="keyboard.c">
      <Filter>Source Files %28C%29</Filter>
    </ClCompile>
    <ClCompile Include="sizetip.c">
      <Filter>Source Files %28C%29</Filter>
    </ClCompile>
    <ClCompile Include="teklib.c">
      <Filter>Source Files %28C%29</Filter>
    </ClCompile>
    <ClCompile Include="telnet.c">
      <Filter>Source Files %28C%29</Filter>
    </ClCompile>
    <ClCompile Include="ttdde.c">
      <Filter>Source Files %28C%29</Filter>
    </ClCompile>
    <ClCompile Include="ttfileio.c">
      <Filter>Source Files %28C%29</Filter>
    </ClCompile>
    <ClCompile Include="ttime.c">
      <Filter>Source Files %28C%29</Filter>
    </ClCompile>
    <ClCompile Include="..\common\ttlib.c">
      <Filter>Source Files %28C%29</Filter>
    </ClCompile>
    <ClCompile Include="ttplug.c">
      <Filter>Source Files %28C%29</Filter>
    </ClCompile>
    <ClCompile Include="ttsetup.c">
      <Filter>Source Files %28C%29</Filter>
    </ClCompile>
    <ClCompile Include="ttwinman.c">
      <Filter>Source Files %28C%29</Filter>
    </ClCompile>
    <ClCompile Include="ttwsk.c">
      <Filter>Source Files %28C%29</Filter>
    </ClCompile>
    <ClCompile Include="vtdisp.c">
      <Filter>Source Files %28C%29</Filter>
    </ClCompile>
    <ClCompile Include="vtterm.c">
      <Filter>Source Files %28C%29</Filter>
    </ClCompile>
    <ClCompile Include="winjump.c">
      <Filter>Source Files %28C%29</Filter>
    </ClCompile>
    <ClCompile Include="WSAAsyncGetAddrInfo.c">
      <Filter>Source Files %28C%29</Filter>
    </ClCompile>
    <ClCompile Include="dnddlg.cpp">
      <Filter>dialog</Filter>
    </ClCompile>
    <ClCompile Include="ftdlg.cpp">
      <Filter>dialog</Filter>
    </ClCompile>
    <ClCompile Include="protodlg.cpp">
      <Filter>dialog</Filter>
    </ClCompile>
    <ClCompile Include="prnabort.cpp">
      <Filter>dialog</Filter>
    </ClCompile>
    <ClCompile Include="ttdialog.c">
      <Filter>dialog</Filter>
    </ClCompile>
    <ClCompile Include="addsetting.cpp">
      <Filter>dialog</Filter>
    </ClCompile>
    <ClCompile Include="..\common\dlglib.c">
      <Filter>dialog</Filter>
    </ClCompile>
    <ClCompile Include="..\common\win16api.c">
      <Filter>Source Files</Filter>
    </ClCompile>
    <ClCompile Include="..\common\dlglib_cpp.cpp">
      <Filter>Source Files</Filter>
    </ClCompile>
    <ClCompile Include="..\common\dlglib_tmpl.cpp">
      <Filter>Source Files</Filter>
    </ClCompile>
    <ClCompile Include="..\common\tipwin.cpp">
      <Filter>Source Files</Filter>
    </ClCompile>
    <ClCompile Include="..\common\codeconv.cpp">
      <Filter>Source Files</Filter>
    </ClCompile>
    <ClCompile Include="..\common\dllutil.cpp">
      <Filter>Source Files</Filter>
    </ClCompile>
    <ClCompile Include="..\common\compat_win.cpp">
      <Filter>Source Files</Filter>
    </ClCompile>
    <ClCompile Include="../ttpdlg/ttdlg.c">
      <Filter>ttpdlg</Filter>
    </ClCompile>
    <ClCompile Include="..\common\tmfc_frame.cpp">
      <Filter>Source Files</Filter>
    </ClCompile>
    <ClCompile Include="..\common\tmfc.cpp">
      <Filter>Source Files</Filter>
    </ClCompile>
  </ItemGroup>
  <ItemGroup>
    <Image Include="..\..\cygterm\cygterm.ico">
      <Filter>Resource Files</Filter>
    </Image>
    <Image Include="..\common\tek.ico">
      <Filter>Resource Files</Filter>
    </Image>
    <Image Include="..\common\Teraterm.ico">
      <Filter>Resource Files</Filter>
    </Image>
    <Image Include="..\common\teraterm_classic.ico">
      <Filter>Resource Files</Filter>
    </Image>
    <Image Include="..\common\vt.ico">
      <Filter>Resource Files</Filter>
    </Image>
    <Image Include="..\common\vt_classic.ico">
      <Filter>Resource Files</Filter>
    </Image>
    <Image Include="..\common\teraterm_3d.ico">
      <Filter>Resource Files</Filter>
    </Image>
    <Image Include="..\common\vt_3d.ico">
      <Filter>Resource Files</Filter>
    </Image>
  </ItemGroup>
  <ItemGroup>
    <ResourceCompile Include="tt-version.rc">
      <Filter>Resource Files</Filter>
    </ResourceCompile>
    <ResourceCompile Include="ttermpro.rc">
      <Filter>Resource Files</Filter>
    </ResourceCompile>
    <ResourceCompile Include="../ttpdlg/ttpdlg.rc">
      <Filter>ttpdlg</Filter>
    </ResourceCompile>
  </ItemGroup>
  <ItemGroup>
    <ClInclude Include="sizetip.h">
      <Filter>Header Files</Filter>
    </ClInclude>
    <ClInclude Include="..\common\tt_res.h">
      <Filter>Header Files</Filter>
    </ClInclude>
    <ClInclude Include="ttfileio.h">
      <Filter>Header Files</Filter>
    </ClInclude>
    <ClInclude Include="..\common\ttlib.h">
      <Filter>Header Files</Filter>
    </ClInclude>
    <ClInclude Include="ttwinman.h">
      <Filter>Header Files</Filter>
    </ClInclude>
    <ClInclude Include="..\common\ttftypes.h">
      <Filter>Header Files</Filter>
    </ClInclude>
    <ClInclude Include="teklib.h">
      <Filter>Header Files</Filter>
    </ClInclude>
    <ClInclude Include="..\common\teraterm.h">
      <Filter>Header Files</Filter>
    </ClInclude>
    <ClInclude Include="..\common\tektypes.h">
      <Filter>Header Files</Filter>
    </ClInclude>
    <ClInclude Include="tekwin.h">
      <Filter>Header Files</Filter>
    </ClInclude>
    <ClInclude Include="telnet.h">
      <Filter>Header Files</Filter>
    </ClInclude>
    <ClInclude Include="teraapp.h">
      <Filter>Header Files</Filter>
    </ClInclude>
    <ClInclude Include="teraprn.h">
      <Filter>Header Files</Filter>
    </ClInclude>
    <ClInclude Include="ttwsk.h">
      <Filter>Header Files</Filter>
    </ClInclude>
    <ClInclude Include="..\common\ttcommon.h">
      <Filter>Header Files</Filter>
    </ClInclude>
    <ClInclude Include="ttdde.h">
      <Filter>Header Files</Filter>
    </ClInclude>
    <ClInclude Include="..\common\ttddecmnd.h">
      <Filter>Header Files</Filter>
    </ClInclude>
    <ClInclude Include="ttime.h">
      <Filter>Header Files</Filter>
    </ClInclude>
    <ClInclude Include="ttplug.h">
      <Filter>Header Files</Filter>
    </ClInclude>
    <ClInclude Include="..\common\ttplugin.h">
      <Filter>Header Files</Filter>
    </ClInclude>
    <ClInclude Include="ttsetup.h">
      <Filter>Header Files</Filter>
    </ClInclude>
    <ClInclude Include="..\common\tttypes.h">
      <Filter>Header Files</Filter>
    </ClInclude>
    <ClInclude Include="..\common\tt-version.h">
      <Filter>Header Files</Filter>
    </ClInclude>
    <ClInclude Include="buffer.h">
      <Filter>Header Files</Filter>
    </ClInclude>
    <ClInclude Include="clipboar.h">
      <Filter>Header Files</Filter>
    </ClInclude>
    <ClInclude Include="commlib.h">
      <Filter>Header Files</Filter>
    </ClInclude>
    <ClInclude Include="filesys.h">
      <Filter>Header Files</Filter>
    </ClInclude>
    <ClInclude Include="keyboard.h">
      <Filter>Header Files</Filter>
    </ClInclude>
    <ClInclude Include="vtterm.h">
      <Filter>Header Files</Filter>
    </ClInclude>
    <ClInclude Include="vtwin.h">
      <Filter>Header Files</Filter>
    </ClInclude>
    <ClInclude Include="vtdisp.h">
      <Filter>Header Files</Filter>
    </ClInclude>
    <ClInclude Include="..\common\compat_w95.h">
      <Filter>Header Files</Filter>
    </ClInclude>
    <ClInclude Include="dnddlg.h">
      <Filter>dialog</Filter>
    </ClInclude>
    <ClInclude Include="prnabort.h">
      <Filter>dialog</Filter>
    </ClInclude>
    <ClInclude Include="protodlg.h">
      <Filter>dialog</Filter>
    </ClInclude>
    <ClInclude Include="ttdialog.h">
      <Filter>dialog</Filter>
    </ClInclude>
    <ClInclude Include="..\common\dlglib.h">
      <Filter>dialog</Filter>
    </ClInclude>
    <ClInclude Include="ftdlg.h">
      <Filter>dialog</Filter>
    </ClInclude>
    <ClInclude Include="addsetting.h">
      <Filter>dialog</Filter>
    </ClInclude>
    <ClInclude Include="..\common\win16api.h">
      <Filter>Header Files</Filter>
    </ClInclude>
    <ClInclude Include="../ttpdlg/dlg_res.h">
      <Filter>ttpdlg</Filter>
    </ClInclude>
    <ClInclude Include="../ttpdlg/ttdlg.h">
      <Filter>ttpdlg</Filter>
    </ClInclude>
    <ClInclude Include="..\common\tmfc.h">
      <Filter>Header Files</Filter>
    </ClInclude>
  </ItemGroup>
</Project>