<?xml version="1.0" encoding="utf-8"?>
<Project ToolsVersion="4.0" xmlns="http://schemas.microsoft.com/developer/msbuild/2003">
  <ItemGroup>
    <Filter Include="Source Files">
      <UniqueIdentifier>{47a21246-d49b-4af1-82a4-6e46b0da1cd0}</UniqueIdentifier>
      <Extensions>cpp;c;cxx;rc;def;r;odl;idl;hpj;bat</Extensions>
    </Filter>
    <Filter Include="Resource Files">
      <UniqueIdentifier>{a02fc373-e4f1-4a18-b4c0-86eb82193fd9}</UniqueIdentifier>
      <Extensions>ico;cur;bmp;dlg;rc2;rct;bin;cnt;rtf;gif;jpg;jpeg;jpe</Extensions>
    </Filter>
    <Filter Include="Source Files %28C%29">
      <UniqueIdentifier>{fb379253-9e02-41f2-a1ca-6c018e804365}</UniqueIdentifier>
    </Filter>
    <Filter Include="Header Files">
      <UniqueIdentifier>{883dc207-eaa3-4b15-8b47-14d81f0db9df}</UniqueIdentifier>
      <Extensions>h;hpp;hxx;hm;inl</Extensions>
    </Filter>
  </ItemGroup>
  <ItemGroup>
    <ClCompile Include="addsetting.cpp">
      <Filter>Source Files</Filter>
    </ClCompile>
    <ClCompile Include="..\common\dlglib.c">
      <Filter>Source Files</Filter>
    </ClCompile>
    <ClCompile Include="filesys.cpp">
      <Filter>Source Files</Filter>
    </ClCompile>
    <ClCompile Include="ftdlg.cpp">
      <Filter>Source Files</Filter>
    </ClCompile>
    <ClCompile Include="prnabort.cpp">
      <Filter>Source Files</Filter>
    </ClCompile>
    <ClCompile Include="protodlg.cpp">
      <Filter>Source Files</Filter>
    </ClCompile>
    <ClCompile Include="..\common\stdafx.cpp">
      <Filter>Source Files</Filter>
    </ClCompile>
    <ClCompile Include="tekwin.cpp">
      <Filter>Source Files</Filter>
    </ClCompile>
    <ClCompile Include="teraprn.cpp">
      <Filter>Source Files</Filter>
    </ClCompile>
    <ClCompile Include="teraterm.cpp">
      <Filter>Source Files</Filter>
    </ClCompile>
    <ClCompile Include="vtwin.cpp">
      <Filter>Source Files</Filter>
    </ClCompile>
    <ClCompile Include="buffer.c">
      <Filter>Source Files %28C%29</Filter>
    </ClCompile>
    <ClCompile Include="clipboar.c">
      <Filter>Source Files %28C%29</Filter>
    </ClCompile>
    <ClCompile Include="commlib.c">
      <Filter>Source Files %28C%29</Filter>
    </ClCompile>
    <ClCompile Include="keyboard.c">
      <Filter>Source Files %28C%29</Filter>
    </ClCompile>
    <ClCompile Include="teklib.c">
      <Filter>Source Files %28C%29</Filter>
    </ClCompile>
    <ClCompile Include="telnet.c">
      <Filter>Source Files %28C%29</Filter>
    </ClCompile>
    <ClCompile Include="ttdde.c">
      <Filter>Source Files %28C%29</Filter>
    </ClCompile>
    <ClCompile Include="ttdialog.c">
      <Filter>Source Files %28C%29</Filter>
    </ClCompile>
    <ClCompile Include="ttfileio.c">
      <Filter>Source Files %28C%29</Filter>
    </ClCompile>
    <ClCompile Include="ttime.c">
      <Filter>Source Files %28C%29</Filter>
    </ClCompile>
    <ClCompile Include="..\common\ttlib.c">
      <Filter>Source Files %28C%29</Filter>
    </ClCompile>
    <ClCompile Include="ttplug.c">
      <Filter>Source Files %28C%29</Filter>
    </ClCompile>
    <ClCompile Include="ttsetup.c">
      <Filter>Source Files %28C%29</Filter>
    </ClCompile>
    <ClCompile Include="ttwinman.c">
      <Filter>Source Files %28C%29</Filter>
    </ClCompile>
    <ClCompile Include="ttwsk.c">
      <Filter>Source Files %28C%29</Filter>
    </ClCompile>
    <ClCompile Include="vtdisp.c">
      <Filter>Source Files %28C%29</Filter>
    </ClCompile>
    <ClCompile Include="vtterm.c">
      <Filter>Source Files %28C%29</Filter>
    </ClCompile>
    <ClCompile Include="winjump.c">
      <Filter>Source Files %28C%29</Filter>
    </ClCompile>
    <ClCompile Include="WSAAsyncGetAddrInfo.c">
      <Filter>Source Files %28C%29</Filter>
    </ClCompile>
  </ItemGroup>
  <ItemGroup>
    <Image Include="..\..\cygterm\cygterm.ico">
      <Filter>Resource Files</Filter>
    </Image>
    <Image Include="..\common\tek.ico">
      <Filter>Resource Files</Filter>
    </Image>
    <Image Include="..\common\Teraterm.ico">
      <Filter>Resource Files</Filter>
    </Image>
    <Image Include="..\common\teraterm_classic.ico">
      <Filter>Resource Files</Filter>
    </Image>
    <Image Include="..\common\vt.ico">
      <Filter>Resource Files</Filter>
    </Image>
    <Image Include="..\common\vt_classic.ico">
      <Filter>Resource Files</Filter>
    </Image>
  </ItemGroup>
  <ItemGroup>
    <ResourceCompile Include="tt-version.rc">
      <Filter>Resource Files</Filter>
    </ResourceCompile>
    <ResourceCompile Include="ttermpro.rc">
      <Filter>Resource Files</Filter>
    </ResourceCompile>
  </ItemGroup>
  <ItemGroup>
    <ClInclude Include="addsetting.h">
      <Filter>Header Files</Filter>
    </ClInclude>
    <ClInclude Include="..\common\tt_res.h">
      <Filter>Header Files</Filter>
    </ClInclude>
    <ClInclude Include="ttfileio.h">
      <Filter>Header Files</Filter>
    </ClInclude>
  </ItemGroup>
</Project>
