<?xml version="1.0" encoding="utf-8"?>
<Project ToolsVersion="4.0" xmlns="http://schemas.microsoft.com/developer/msbuild/2003">
  <ItemGroup>
    <Filter Include="Source Files">
      <UniqueIdentifier>{f8413174-ca38-4976-ae08-a537841f1173}</UniqueIdentifier>
      <Extensions>cpp;c;cxx;rc;def;r;odl;hpj;bat;for;f90</Extensions>
    </Filter>
    <Filter Include="Header Files">
      <UniqueIdentifier>{29b115dd-94a5-4b52-b508-7aaeb3a7bde1}</UniqueIdentifier>
      <Extensions>h;hpp;hxx;hm;inl;fi;fd</Extensions>
    </Filter>
    <Filter Include="Def File">
      <UniqueIdentifier>{58c24688-2779-4ecc-8c0b-23ea1fcfa42b}</UniqueIdentifier>
      <Extensions>def</Extensions>
    </Filter>
    <Filter Include="Resource Files">
      <UniqueIdentifier>{3b6f2cf0-ee5c-442b-a368-23eb45634144}</UniqueIdentifier>
      <Extensions>ico;cur;bmp;dlg;rc2;rct;bin;cnt;rtf;gif;jpg;jpeg;jpe</Extensions>
    </Filter>
  </ItemGroup>
  <ItemGroup>
    <ClCompile Include="..\common\i18n.c">
      <Filter>Source Files</Filter>
    </ClCompile>
    <ClCompile Include="language.c">
      <Filter>Source Files</Filter>
    </ClCompile>
    <ClCompile Include="..\common\servicenames.c">
      <Filter>Source Files</Filter>
    </ClCompile>
    <ClCompile Include="ttcmn.c">
      <Filter>Source Files</Filter>
    </ClCompile>
    <ClCompile Include="..\common\ttlib.c">
      <Filter>Source Files</Filter>
    </ClCompile>
  </ItemGroup>
  <ItemGroup>
    <ClInclude Include="..\common\i18n.h">
      <Filter>Header Files</Filter>
    </ClInclude>
    <ClInclude Include="language.h">
      <Filter>Header Files</Filter>
    </ClInclude>
    <ClInclude Include="..\common\servicenames.h">
      <Filter>Header Files</Filter>
    </ClInclude>
    <ClInclude Include="..\common\ttlib.h">
      <Filter>Header Files</Filter>
    </ClInclude>
  </ItemGroup>
  <ItemGroup>
    <None Include="ttpcmn.def">
      <Filter>Def File</Filter>
    </None>
  </ItemGroup>
  <ItemGroup>
    <ResourceCompile Include="ttpcmn-version.rc">
      <Filter>Resource Files</Filter>
    </ResourceCompile>
  </ItemGroup>
</Project>
