<?xml version="1.0" encoding="utf-8"?>
<Project ToolsVersion="4.0" xmlns="http://schemas.microsoft.com/developer/msbuild/2003">
  <ItemGroup>
    <Filter Include="Source Files">
      <UniqueIdentifier>{231eb625-d36d-4fcd-b765-38c34ddf68b4}</UniqueIdentifier>
      <Extensions>cpp;c;cxx;rc;def;r;odl;hpj;bat;for;f90</Extensions>
    </Filter>
    <Filter Include="Header Files">
      <UniqueIdentifier>{bc796587-a18b-4d16-a02f-fd5d92b753a1}</UniqueIdentifier>
      <Extensions>h;hpp;hxx;hm;inl;fi;fd</Extensions>
    </Filter>
    <Filter Include="Def File">
      <UniqueIdentifier>{0c0e3885-2eac-4958-8c3d-2b3501e30482}</UniqueIdentifier>
      <Extensions>def</Extensions>
    </Filter>
    <Filter Include="Resource Files">
      <UniqueIdentifier>{a485420e-6b4b-47df-9138-6d817f8e258b}</UniqueIdentifier>
      <Extensions>ico;cur;bmp;dlg;rc2;rct;bin;cnt;rtf;gif;jpg;jpeg;jpe</Extensions>
    </Filter>
  </ItemGroup>
  <ItemGroup>
    <ClCompile Include="..\common\ttlib.c">
      <Filter>Source Files</Filter>
    </ClCompile>
    <ClCompile Include="ttset.c">
      <Filter>Source Files</Filter>
    </ClCompile>
  </ItemGroup>
  <ItemGroup>
    <ClInclude Include="set_res.h">
      <Filter>Header Files</Filter>
    </ClInclude>
    <ClInclude Include="..\common\teraterm.h">
      <Filter>Header Files</Filter>
    </ClInclude>
    <ClInclude Include="..\common\tt-version.h">
      <Filter>Header Files</Filter>
    </ClInclude>
    <ClInclude Include="..\common\ttlib.h">
      <Filter>Header Files</Filter>
    </ClInclude>
    <ClInclude Include="..\common\tttypes.h">
      <Filter>Header Files</Filter>
    </ClInclude>
  </ItemGroup>
  <ItemGroup>
    <None Include="ttpset.def">
      <Filter>Def File</Filter>
    </None>
  </ItemGroup>
  <ItemGroup>
    <ResourceCompile Include="ttpset-version.rc">
      <Filter>Source Files</Filter>
    </ResourceCompile>
    <ResourceCompile Include="ttpset.rc">
      <Filter>Source Files</Filter>
    </ResourceCompile>
  </ItemGroup>
</Project>