Microsoft Visual Studio Solution File, Format Version 12.00
# Visual Studio 15
VisualStudioVersion = 15.0.26228.4
MinimumVisualStudioVersion = 10.0.40219.1
Project("{8BC9CEB8-8B4A-11D0-8D11-00A0C91BC942}") = "ttermpro", "teraterm\ttermpro.v16.vcxproj", "{BC4CDBE3-6269-47A8-BD74-EEB3A6160E06}"
EndProject
Project("{8BC9CEB8-8B4A-11D0-8D11-00A0C91BC942}") = "keycode", "keycode\keycode.v16.vcxproj", "{B31BF2E8-79E6-4735-BEA2-C1B4041C2D2E}"
EndProject
Project("{8BC9CEB8-8B4A-11D0-8D11-00A0C91BC942}") = "ttpcmn", "ttpcmn\ttpcmn.v16.vcxproj", "{118E0D32-5553-4F73-9927-E873C1C500E4}"
EndProject
Project("{8BC9CEB8-8B4A-11D0-8D11-00A0C91BC942}") = "ttpfile", "ttpfile\ttpfile.v16.vcxproj", "{311F2B21-AEC4-4384-8209-BB83B54749B4}"
EndProject
Project("{8BC9CEB8-8B4A-11D0-8D11-00A0C91BC942}") = "ttpmacro", "ttpmacro\ttpmacro.v16.vcxproj", "{BA519362-A2C2-4B1A-905B-F00791F9038A}"
EndProject
Project("{8BC9CEB8-8B4A-11D0-8D11-00A0C91BC942}") = "ttpset", "ttpset\ttpset.v16.vcxproj", "{5CF58947-E861-4A5C-B0B1-E85486F149CD}"
EndProject
Project("{8BC9CEB8-8B4A-11D0-8D11-00A0C91BC942}") = "ttptek", "ttptek\ttptek.v16.vcxproj", "{6D08053B-1C68-4A7E-8766-3553F5AF010B}"
EndProject
Project("{8BC9CEB8-8B4A-11D0-8D11-00A0C91BC942}") = "svnrev", "svnrev\svnrev.v16.vcxproj", "{80F1C3F0-A213-4D48-85C8-A265990D19A7}"
EndProject
Global
	GlobalSection(SolutionConfigurationPlatforms) = preSolution
		Debug|Win32 = Debug|Win32
		Release|Win32 = Release|Win32
	EndGlobalSection
	GlobalSection(ProjectConfigurationPlatforms) = postSolution
		{BC4CDBE3-6269-47A8-BD74-EEB3A6160E06}.Debug|Win32.ActiveCfg = Debug|Win32
		{BC4CDBE3-6269-47A8-BD74-EEB3A6160E06}.Debug|Win32.Build.0 = Debug|Win32
		{BC4CDBE3-6269-47A8-BD74-EEB3A6160E06}.Release|Win32.ActiveCfg = Release|Win32
		{BC4CDBE3-6269-47A8-BD74-EEB3A6160E06}.Release|Win32.Build.0 = Release|Win32
		{B31BF2E8-79E6-4735-BEA2-C1B4041C2D2E}.Debug|Win32.ActiveCfg = Debug|Win32
		{B31BF2E8-79E6-4735-BEA2-C1B4041C2D2E}.Debug|Win32.Build.0 = Debug|Win32
		{B31BF2E8-79E6-4735-BEA2-C1B4041C2D2E}.Release|Win32.ActiveCfg = Release|Win32
		{B31BF2E8-79E6-4735-BEA2-C1B4041C2D2E}.Release|Win32.Build.0 = Release|Win32
		{118E0D32-5553-4F73-9927-E873C1C500E4}.Debug|Win32.ActiveCfg = Debug|Win32
		{118E0D32-5553-4F73-9927-E873C1C500E4}.Debug|Win32.Build.0 = Debug|Win32
		{118E0D32-5553-4F73-9927-E873C1C500E4}.Release|Win32.ActiveCfg = Release|Win32
		{118E0D32-5553-4F73-9927-E873C1C500E4}.Release|Win32.Build.0 = Release|Win32
		{311F2B21-AEC4-4384-8209-BB83B54749B4}.Debug|Win32.ActiveCfg = Debug|Win32
		{311F2B21-AEC4-4384-8209-BB83B54749B4}.Debug|Win32.Build.0 = Debug|Win32
		{311F2B21-AEC4-4384-8209-BB83B54749B4}.Release|Win32.ActiveCfg = Release|Win32
		{311F2B21-AEC4-4384-8209-BB83B54749B4}.Release|Win32.Build.0 = Release|Win32
		{BA519362-A2C2-4B1A-905B-F00791F9038A}.Debug|Win32.ActiveCfg = Debug|Win32
		{BA519362-A2C2-4B1A-905B-F00791F9038A}.Debug|Win32.Build.0 = Debug|Win32
		{BA519362-A2C2-4B1A-905B-F00791F9038A}.Release|Win32.ActiveCfg = Release|Win32
		{BA519362-A2C2-4B1A-905B-F00791F9038A}.Release|Win32.Build.0 = Release|Win32
		{5CF58947-E861-4A5C-B0B1-E85486F149CD}.Debug|Win32.ActiveCfg = Debug|Win32
		{5CF58947-E861-4A5C-B0B1-E85486F149CD}.Debug|Win32.Build.0 = Debug|Win32
		{5CF58947-E861-4A5C-B0B1-E85486F149CD}.Release|Win32.ActiveCfg = Release|Win32
		{5CF58947-E861-4A5C-B0B1-E85486F149CD}.Release|Win32.Build.0 = Release|Win32
		{6D08053B-1C68-4A7E-8766-3553F5AF010B}.Debug|Win32.ActiveCfg = Debug|Win32
		{6D08053B-1C68-4A7E-8766-3553F5AF010B}.Debug|Win32.Build.0 = Debug|Win32
		{6D08053B-1C68-4A7E-8766-3553F5AF010B}.Release|Win32.ActiveCfg = Release|Win32
		{6D08053B-1C68-4A7E-8766-3553F5AF010B}.Release|Win32.Build.0 = Release|Win32
		{80F1C3F0-A213-4D48-85C8-A265990D19A7}.Debug|Win32.ActiveCfg = Debug|Win32
		{80F1C3F0-A213-4D48-85C8-A265990D19A7}.Debug|Win32.Build.0 = Debug|Win32
		{80F1C3F0-A213-4D48-85C8-A265990D19A7}.Release|Win32.ActiveCfg = Release|Win32
		{80F1C3F0-A213-4D48-85C8-A265990D19A7}.Release|Win32.Build.0 = Release|Win32
	EndGlobalSection
	GlobalSection(SolutionProperties) = preSolution
		HideSolutionNode = FALSE
	EndGlobalSection
EndGlobal
