
Microsoft Visual Studio Solution File, Format Version 12.00
# Visual Studio Version 17
Project("{8BC9CEB8-8B4A-11D0-8D11-00A0C91BC942}") = "ttcomtester.v17", "ttcomtester.v17.vcxproj", "{73AB0B34-8188-4AE6-BEE4-EE85732B806C}"
EndProject
Global
	GlobalSection(SolutionConfigurationPlatforms) = preSolution
		Debug|x86 = Debug|x86
		Release|x86 = Release|x86
	EndGlobalSection
	GlobalSection(ProjectConfigurationPlatforms) = postSolution
		{73AB0B34-8188-4AE6-BEE4-EE85732B806C}.Debug|x86.ActiveCfg = Debug|Win32
		{73AB0B34-8188-4AE6-BEE4-EE85732B806C}.Debug|x86.Build.0 = Debug|Win32
		{73AB0B34-8188-4AE6-BEE4-EE85732B806C}.Release|x86.ActiveCfg = Release|Win32
		{73AB0B34-8188-4AE6-BEE4-EE85732B806C}.Release|x86.Build.0 = Release|Win32
	EndGlobalSection
	GlobalSection(SolutionProperties) = preSolution
		HideSolutionNode = FALSE
	EndGlobalSection
	GlobalSection(ExtensibilityGlobals) = postSolution
		SolutionGuid = {5E68F57F-01E7-4C19-BB90-DC1AFEE479CA}
	EndGlobalSection
EndGlobal
