
Microsoft Visual Studio Solution File, Format Version 12.00
# Visual Studio Version 16
VisualStudioVersion = 16.0.28803.156
MinimumVisualStudioVersion = 10.0.40219.1
Project("{8BC9CEB8-8B4A-11D0-8D11-00A0C91BC942}") = "matcher", "matcher\matcher.v16.vcxproj", "{C4B19BFB-8068-4EF2-A3A1-4EC4C40BE7F1}"
EndProject
Project("{8BC9CEB8-8B4A-11D0-8D11-00A0C91BC942}") = "ttxssh", "ttxssh\ttxssh.v16.vcxproj", "{5638BB89-44E3-4D55-BA98-A01142B4223E}"
EndProject
Project("{8BC9CEB8-8B4A-11D0-8D11-00A0C91BC942}") = "argon2", "argon2\argon2.v16.vcxproj", "{D33C59B8-E227-47D2-8F80-EDA3E28BF995}"
EndProject
Project("{8BC9CEB8-8B4A-11D0-8D11-00A0C91BC942}") = "sshagentc", "libsshagentc\sshagentc\sshagentc.v16.vcxproj", "{B5323378-E523-4CB3-8484-85445B35D39B}"
EndProject
Global
	GlobalSection(SolutionConfigurationPlatforms) = preSolution
		Debug|ARM64 = Debug|ARM64
		Debug|Win32 = Debug|Win32
		Debug|x64 = Debug|x64
		Release|ARM64 = Release|ARM64
		Release|Win32 = Release|Win32
		Release|x64 = Release|x64
	EndGlobalSection
	GlobalSection(ProjectConfigurationPlatforms) = postSolution
		{C4B19BFB-8068-4EF2-A3A1-4EC4C40BE7F1}.Debug|ARM64.ActiveCfg = Debug|ARM64
		{C4B19BFB-8068-4EF2-A3A1-4EC4C40BE7F1}.Debug|ARM64.Build.0 = Debug|ARM64
		{C4B19BFB-8068-4EF2-A3A1-4EC4C40BE7F1}.Debug|Win32.ActiveCfg = Debug|Win32
		{C4B19BFB-8068-4EF2-A3A1-4EC4C40BE7F1}.Debug|Win32.Build.0 = Debug|Win32
		{C4B19BFB-8068-4EF2-A3A1-4EC4C40BE7F1}.Debug|x64.ActiveCfg = Debug|x64
		{C4B19BFB-8068-4EF2-A3A1-4EC4C40BE7F1}.Debug|x64.Build.0 = Debug|x64
		{C4B19BFB-8068-4EF2-A3A1-4EC4C40BE7F1}.Release|ARM64.ActiveCfg = Release|ARM64
		{C4B19BFB-8068-4EF2-A3A1-4EC4C40BE7F1}.Release|ARM64.Build.0 = Release|ARM64
		{C4B19BFB-8068-4EF2-A3A1-4EC4C40BE7F1}.Release|Win32.ActiveCfg = Release|Win32
		{C4B19BFB-8068-4EF2-A3A1-4EC4C40BE7F1}.Release|Win32.Build.0 = Release|Win32
		{C4B19BFB-8068-4EF2-A3A1-4EC4C40BE7F1}.Release|x64.ActiveCfg = Release|x64
		{C4B19BFB-8068-4EF2-A3A1-4EC4C40BE7F1}.Release|x64.Build.0 = Release|x64
		{5638BB89-44E3-4D55-BA98-A01142B4223E}.Debug|ARM64.ActiveCfg = Debug|ARM64
		{5638BB89-44E3-4D55-BA98-A01142B4223E}.Debug|ARM64.Build.0 = Debug|ARM64
		{5638BB89-44E3-4D55-BA98-A01142B4223E}.Debug|Win32.ActiveCfg = Debug|Win32
		{5638BB89-44E3-4D55-BA98-A01142B4223E}.Debug|Win32.Build.0 = Debug|Win32
		{5638BB89-44E3-4D55-BA98-A01142B4223E}.Debug|x64.ActiveCfg = Debug|x64
		{5638BB89-44E3-4D55-BA98-A01142B4223E}.Debug|x64.Build.0 = Debug|x64
		{5638BB89-44E3-4D55-BA98-A01142B4223E}.Release|ARM64.ActiveCfg = Release|ARM64
		{5638BB89-44E3-4D55-BA98-A01142B4223E}.Release|ARM64.Build.0 = Release|ARM64
		{5638BB89-44E3-4D55-BA98-A01142B4223E}.Release|Win32.ActiveCfg = Release|Win32
		{5638BB89-44E3-4D55-BA98-A01142B4223E}.Release|Win32.Build.0 = Release|Win32
		{5638BB89-44E3-4D55-BA98-A01142B4223E}.Release|x64.ActiveCfg = Release|x64
		{5638BB89-44E3-4D55-BA98-A01142B4223E}.Release|x64.Build.0 = Release|x64
		{D33C59B8-E227-47D2-8F80-EDA3E28BF995}.Debug|ARM64.ActiveCfg = Debug|ARM64
		{D33C59B8-E227-47D2-8F80-EDA3E28BF995}.Debug|ARM64.Build.0 = Debug|ARM64
		{D33C59B8-E227-47D2-8F80-EDA3E28BF995}.Debug|Win32.ActiveCfg = Debug|Win32
		{D33C59B8-E227-47D2-8F80-EDA3E28BF995}.Debug|Win32.Build.0 = Debug|Win32
		{D33C59B8-E227-47D2-8F80-EDA3E28BF995}.Debug|x64.ActiveCfg = Debug|x64
		{D33C59B8-E227-47D2-8F80-EDA3E28BF995}.Debug|x64.Build.0 = Debug|x64
		{D33C59B8-E227-47D2-8F80-EDA3E28BF995}.Release|ARM64.ActiveCfg = Release|ARM64
		{D33C59B8-E227-47D2-8F80-EDA3E28BF995}.Release|ARM64.Build.0 = Release|ARM64
		{D33C59B8-E227-47D2-8F80-EDA3E28BF995}.Release|Win32.ActiveCfg = Release|Win32
		{D33C59B8-E227-47D2-8F80-EDA3E28BF995}.Release|Win32.Build.0 = Release|Win32
		{D33C59B8-E227-47D2-8F80-EDA3E28BF995}.Release|x64.ActiveCfg = Release|x64
		{D33C59B8-E227-47D2-8F80-EDA3E28BF995}.Release|x64.Build.0 = Release|x64
		{B5323378-E523-4CB3-8484-85445B35D39B}.Debug|ARM64.ActiveCfg = Debug|ARM64
		{B5323378-E523-4CB3-8484-85445B35D39B}.Debug|ARM64.Build.0 = Debug|ARM64
		{B5323378-E523-4CB3-8484-85445B35D39B}.Debug|Win32.ActiveCfg = Debug|Win32
		{B5323378-E523-4CB3-8484-85445B35D39B}.Debug|Win32.Build.0 = Debug|Win32
		{B5323378-E523-4CB3-8484-85445B35D39B}.Debug|x64.ActiveCfg = Debug|x64
		{B5323378-E523-4CB3-8484-85445B35D39B}.Debug|x64.Build.0 = Debug|x64
		{B5323378-E523-4CB3-8484-85445B35D39B}.Release|ARM64.ActiveCfg = Release|ARM64
		{B5323378-E523-4CB3-8484-85445B35D39B}.Release|ARM64.Build.0 = Release|ARM64
		{B5323378-E523-4CB3-8484-85445B35D39B}.Release|Win32.ActiveCfg = Release|Win32
		{B5323378-E523-4CB3-8484-85445B35D39B}.Release|Win32.Build.0 = Release|Win32
		{B5323378-E523-4CB3-8484-85445B35D39B}.Release|x64.ActiveCfg = Release|x64
		{B5323378-E523-4CB3-8484-85445B35D39B}.Release|x64.Build.0 = Release|x64
	EndGlobalSection
	GlobalSection(SolutionProperties) = preSolution
		HideSolutionNode = FALSE
	EndGlobalSection
	GlobalSection(ExtensibilityGlobals) = postSolution
		SolutionGuid = {0A304DA2-C07B-4828-9F78-166B53FD7614}
	EndGlobalSection
EndGlobal
